
Microsoft Visual Studio Solution File, Format Version 12.00
Project("{FAE04EC0-301F-11D3-BF4B-00C04F79EFBC}") = "Laboratorna_12_4_ITER", "Laboratorna_12_4_ITER\Laboratorna_12_4_ITER.csproj", "{46D0B393-1C55-418E-AE84-2225277B06BB}"
EndProject
Project("{FAE04EC0-301F-11D3-BF4B-00C04F79EFBC}") = "Laboratorna_12_4_ITER.Tests", "Laboratorna_12_4_ITER.Tests\Laboratorna_12_4_ITER.Tests.csproj", "{9A485076-9974-4261-B284-5CF3E8FEBF49}"
EndProject
Global
	GlobalSection(SolutionConfigurationPlatforms) = preSolution
		Debug|Any CPU = Debug|Any CPU
		Release|Any CPU = Release|Any CPU
	EndGlobalSection
	GlobalSection(ProjectConfigurationPlatforms) = postSolution
		{46D0B393-1C55-418E-AE84-2225277B06BB}.Debug|Any CPU.ActiveCfg = Debug|Any CPU
		{46D0B393-1C55-418E-AE84-2225277B06BB}.Debug|Any CPU.Build.0 = Debug|Any CPU
		{46D0B393-1C55-418E-AE84-2225277B06BB}.Release|Any CPU.ActiveCfg = Release|Any CPU
		{46D0B393-1C55-418E-AE84-2225277B06BB}.Release|Any CPU.Build.0 = Release|Any CPU
		{9A485076-9974-4261-B284-5CF3E8FEBF49}.Debug|Any CPU.ActiveCfg = Debug|Any CPU
		{9A485076-9974-4261-B284-5CF3E8FEBF49}.Debug|Any CPU.Build.0 = Debug|Any CPU
		{9A485076-9974-4261-B284-5CF3E8FEBF49}.Release|Any CPU.ActiveCfg = Release|Any CPU
		{9A485076-9974-4261-B284-5CF3E8FEBF49}.Release|Any CPU.Build.0 = Release|Any CPU
	EndGlobalSection
EndGlobal
